// !$*UTF8*$!
{
	archiveVersion = 1;
	classes = {
	};
	objectVersion = 46;
	objects = {

/* Begin PBXBuildFile section */
		8B561442188A303E005B1CA5 /* Foundation.framework in Frameworks */ = {isa = PBXBuildFile; fileRef = 8B561441188A303E005B1CA5 /* Foundation.framework */; };
		8B561444188A303E005B1CA5 /* CoreGraphics.framework in Frameworks */ = {isa = PBXBuildFile; fileRef = 8B561443188A303E005B1CA5 /* CoreGraphics.framework */; };
		8B561446188A303E005B1CA5 /* UIKit.framework in Frameworks */ = {isa = PBXBuildFile; fileRef = 8B561445188A303E005B1CA5 /* UIKit.framework */; };
		8B56144C188A303E005B1CA5 /* InfoPlist.strings in Resources */ = {isa = PBXBuildFile; fileRef = 8B56144A188A303E005B1CA5 /* InfoPlist.strings */; };
		8B56144E188A303E005B1CA5 /* main.m in Sources */ = {isa = PBXBuildFile; fileRef = 8B56144D188A303E005B1CA5 /* main.m */; };
		8B561452188A303E005B1CA5 /* HTAppDelegate.m in Sources */ = {isa = PBXBuildFile; fileRef = 8B561451188A303E005B1CA5 /* HTAppDelegate.m */; };
		8B561455188A303E005B1CA5 /* Main_iPhone.storyboard in Resources */ = {isa = PBXBuildFile; fileRef = 8B561453188A303E005B1CA5 /* Main_iPhone.storyboard */; };
		8B561458188A303E005B1CA5 /* Main_iPad.storyboard in Resources */ = {isa = PBXBuildFile; fileRef = 8B561456188A303E005B1CA5 /* Main_iPad.storyboard */; };
		8B56145B188A303E005B1CA5 /* HTFirstViewController.m in Sources */ = {isa = PBXBuildFile; fileRef = 8B56145A188A303E005B1CA5 /* HTFirstViewController.m */; };
		8B56145E188A303E005B1CA5 /* HTSecondViewController.m in Sources */ = {isa = PBXBuildFile; fileRef = 8B56145D188A303E005B1CA5 /* HTSecondViewController.m */; };
		8B561460188A303E005B1CA5 /* Images.xcassets in Resources */ = {isa = PBXBuildFile; fileRef = 8B56145F188A303E005B1CA5 /* Images.xcassets */; };
		8B561467188A303E005B1CA5 /* XCTest.framework in Frameworks */ = {isa = PBXBuildFile; fileRef = 8B561466188A303E005B1CA5 /* XCTest.framework */; };
		8B561468188A303E005B1CA5 /* Foundation.framework in Frameworks */ = {isa = PBXBuildFile; fileRef = 8B561441188A303E005B1CA5 /* Foundation.framework */; };
		8B561469188A303E005B1CA5 /* UIKit.framework in Frameworks */ = {isa = PBXBuildFile; fileRef = 8B561445188A303E005B1CA5 /* UIKit.framework */; };
		8B561471188A303E005B1CA5 /* InfoPlist.strings in Resources */ = {isa = PBXBuildFile; fileRef = 8B56146F188A303E005B1CA5 /* InfoPlist.strings */; };
		8B561473188A303E005B1CA5 /* HeadtoTests.m in Sources */ = {isa = PBXBuildFile; fileRef = 8B561472188A303E005B1CA5 /* HeadtoTests.m */; };
/* End PBXBuildFile section */

/* Begin PBXContainerItemProxy section */
		8B56146A188A303E005B1CA5 /* PBXContainerItemProxy */ = {
			isa = PBXContainerItemProxy;
			containerPortal = 8B561436188A303E005B1CA5 /* Project object */;
			proxyType = 1;
			remoteGlobalIDString = 8B56143D188A303E005B1CA5;
			remoteInfo = Headto;
		};
/* End PBXContainerItemProxy section */

/* Begin PBXFileReference section */
		8B56143E188A303E005B1CA5 /* Headto.app */ = {isa = PBXFileReference; explicitFileType = wrapper.application; includeInIndex = 0; path = Headto.app; sourceTree = BUILT_PRODUCTS_DIR; };
		8B561441188A303E005B1CA5 /* Foundation.framework */ = {isa = PBXFileReference; lastKnownFileType = wrapper.framework; name = Foundation.framework; path = System/Library/Frameworks/Foundation.framework; sourceTree = SDKROOT; };
		8B561443188A303E005B1CA5 /* CoreGraphics.framework */ = {isa = PBXFileReference; lastKnownFileType = wrapper.framework; name = CoreGraphics.framework; path = System/Library/Frameworks/CoreGraphics.framework; sourceTree = SDKROOT; };
		8B561445188A303E005B1CA5 /* UIKit.framework */ = {isa = PBXFileReference; lastKnownFileType = wrapper.framework; name = UIKit.framework; path = System/Library/Frameworks/UIKit.framework; sourceTree = SDKROOT; };
		8B561449188A303E005B1CA5 /* Headto-Info.plist */ = {isa = PBXFileReference; lastKnownFileType = text.plist.xml; path = "Headto-Info.plist"; sourceTree = "<group>"; };
		8B56144B188A303E005B1CA5 /* en */ = {isa = PBXFileReference; lastKnownFileType = text.plist.strings; name = en; path = en.lproj/InfoPlist.strings; sourceTree = "<group>"; };
		8B56144D188A303E005B1CA5 /* main.m */ = {isa = PBXFileReference; lastKnownFileType = sourcecode.c.objc; path = main.m; sourceTree = "<group>"; };
		8B56144F188A303E005B1CA5 /* Headto-Prefix.pch */ = {isa = PBXFileReference; lastKnownFileType = sourcecode.c.h; path = "Headto-Prefix.pch"; sourceTree = "<group>"; };
		8B561450188A303E005B1CA5 /* HTAppDelegate.h */ = {isa = PBXFileReference; lastKnownFileType = sourcecode.c.h; path = HTAppDelegate.h; sourceTree = "<group>"; };
		8B561451188A303E005B1CA5 /* HTAppDelegate.m */ = {isa = PBXFileReference; lastKnownFileType = sourcecode.c.objc; path = HTAppDelegate.m; sourceTree = "<group>"; };
		8B561454188A303E005B1CA5 /* Base */ = {isa = PBXFileReference; lastKnownFileType = file.storyboard; name = Base; path = Base.lproj/Main_iPhone.storyboard; sourceTree = "<group>"; };
		8B561457188A303E005B1CA5 /* Base */ = {isa = PBXFileReference; lastKnownFileType = file.storyboard; name = Base; path = Base.lproj/Main_iPad.storyboard; sourceTree = "<group>"; };
		8B561459188A303E005B1CA5 /* HTFirstViewController.h */ = {isa = PBXFileReference; lastKnownFileType = sourcecode.c.h; path = HTFirstViewController.h; sourceTree = "<group>"; };
		8B56145A188A303E005B1CA5 /* HTFirstViewController.m */ = {isa = PBXFileReference; lastKnownFileType = sourcecode.c.objc; path = HTFirstViewController.m; sourceTree = "<group>"; };
		8B56145C188A303E005B1CA5 /* HTSecondViewController.h */ = {isa = PBXFileReference; lastKnownFileType = sourcecode.c.h; path = HTSecondViewController.h; sourceTree = "<group>"; };
		8B56145D188A303E005B1CA5 /* HTSecondViewController.m */ = {isa = PBXFileReference; lastKnownFileType = sourcecode.c.objc; path = HTSecondViewController.m; sourceTree = "<group>"; };
		8B56145F188A303E005B1CA5 /* Images.xcassets */ = {isa = PBXFileReference; lastKnownFileType = folder.assetcatalog; path = Images.xcassets; sourceTree = "<group>"; };
		8B561465188A303E005B1CA5 /* HeadtoTests.xctest */ = {isa = PBXFileReference; explicitFileType = wrapper.cfbundle; includeInIndex = 0; path = HeadtoTests.xctest; sourceTree = BUILT_PRODUCTS_DIR; };
		8B561466188A303E005B1CA5 /* XCTest.framework */ = {isa = PBXFileReference; lastKnownFileType = wrapper.framework; name = XCTest.framework; path = Library/Frameworks/XCTest.framework; sourceTree = DEVELOPER_DIR; };
		8B56146E188A303E005B1CA5 /* HeadtoTests-Info.plist */ = {isa = PBXFileReference; lastKnownFileType = text.plist.xml; path = "HeadtoTests-Info.plist"; sourceTree = "<group>"; };
		8B561470188A303E005B1CA5 /* en */ = {isa = PBXFileReference; lastKnownFileType = text.plist.strings; name = en; path = en.lproj/InfoPlist.strings; sourceTree = "<group>"; };
		8B561472188A303E005B1CA5 /* HeadtoTests.m */ = {isa = PBXFileReference; lastKnownFileType = sourcecode.c.objc; path = HeadtoTests.m; sourceTree = "<group>"; };
/* End PBXFileReference section */

/* Begin PBXFrameworksBuildPhase section */
		8B56143B188A303E005B1CA5 /* Frameworks */ = {
			isa = PBXFrameworksBuildPhase;
			buildActionMask = 2147483647;
			files = (
				8B561444188A303E005B1CA5 /* CoreGraphics.framework in Frameworks */,
				8B561446188A303E005B1CA5 /* UIKit.framework in Frameworks */,
				8B561442188A303E005B1CA5 /* Foundation.framework in Frameworks */,
			);
			runOnlyForDeploymentPostprocessing = 0;
		};
		8B561462188A303E005B1CA5 /* Frameworks */ = {
			isa = PBXFrameworksBuildPhase;
			buildActionMask = 2147483647;
			files = (
				8B561467188A303E005B1CA5 /* XCTest.framework in Frameworks */,
				8B561469188A303E005B1CA5 /* UIKit.framework in Frameworks */,
				8B561468188A303E005B1CA5 /* Foundation.framework in Frameworks */,
			);
			runOnlyForDeploymentPostprocessing = 0;
		};
/* End PBXFrameworksBuildPhase section */

/* Begin PBXGroup section */
		8B561435188A303E005B1CA5 = {
			isa = PBXGroup;
			children = (
				8B561447188A303E005B1CA5 /* Headto */,
				8B56146C188A303E005B1CA5 /* HeadtoTests */,
				8B561440188A303E005B1CA5 /* Frameworks */,
				8B56143F188A303E005B1CA5 /* Products */,
			);
			sourceTree = "<group>";
		};
		8B56143F188A303E005B1CA5 /* Products */ = {
			isa = PBXGroup;
			children = (
				8B56143E188A303E005B1CA5 /* Headto.app */,
				8B561465188A303E005B1CA5 /* HeadtoTests.xctest */,
			);
			name = Products;
			sourceTree = "<group>";
		};
		8B561440188A303E005B1CA5 /* Frameworks */ = {
			isa = PBXGroup;
			children = (
				8B561441188A303E005B1CA5 /* Foundation.framework */,
				8B561443188A303E005B1CA5 /* CoreGraphics.framework */,
				8B561445188A303E005B1CA5 /* UIKit.framework */,
				8B561466188A303E005B1CA5 /* XCTest.framework */,
			);
			name = Frameworks;
			sourceTree = "<group>";
		};
		8B561447188A303E005B1CA5 /* Headto */ = {
			isa = PBXGroup;
			children = (
				8B561450188A303E005B1CA5 /* HTAppDelegate.h */,
				8B561451188A303E005B1CA5 /* HTAppDelegate.m */,
				8B561453188A303E005B1CA5 /* Main_iPhone.storyboard */,
				8B561456188A303E005B1CA5 /* Main_iPad.storyboard */,
				8B561459188A303E005B1CA5 /* HTFirstViewController.h */,
				8B56145A188A303E005B1CA5 /* HTFirstViewController.m */,
				8B56145C188A303E005B1CA5 /* HTSecondViewController.h */,
				8B56145D188A303E005B1CA5 /* HTSecondViewController.m */,
				8B56145F188A303E005B1CA5 /* Images.xcassets */,
				8B561448188A303E005B1CA5 /* Supporting Files */,
			);
			path = Headto;
			sourceTree = "<group>";
		};
		8B561448188A303E005B1CA5 /* Supporting Files */ = {
			isa = PBXGroup;
			children = (
				8B561449188A303E005B1CA5 /* Headto-Info.plist */,
				8B56144A188A303E005B1CA5 /* InfoPlist.strings */,
				8B56144D188A303E005B1CA5 /* main.m */,
				8B56144F188A303E005B1CA5 /* Headto-Prefix.pch */,
			);
			name = "Supporting Files";
			sourceTree = "<group>";
		};
		8B56146C188A303E005B1CA5 /* HeadtoTests */ = {
			isa = PBXGroup;
			children = (
				8B561472188A303E005B1CA5 /* HeadtoTests.m */,
				8B56146D188A303E005B1CA5 /* Supporting Files */,
			);
			path = HeadtoTests;
			sourceTree = "<group>";
		};
		8B56146D188A303E005B1CA5 /* Supporting Files */ = {
			isa = PBXGroup;
			children = (
				8B56146E188A303E005B1CA5 /* HeadtoTests-Info.plist */,
				8B56146F188A303E005B1CA5 /* InfoPlist.strings */,
			);
			name = "Supporting Files";
			sourceTree = "<group>";
		};
/* End PBXGroup section */

/* Begin PBXNativeTarget section */
		8B56143D188A303E005B1CA5 /* Headto */ = {
			isa = PBXNativeTarget;
			buildConfigurationList = 8B561476188A303E005B1CA5 /* Build configuration list for PBXNativeTarget "Headto" */;
			buildPhases = (
				8B56143A188A303E005B1CA5 /* Sources */,
				8B56143B188A303E005B1CA5 /* Frameworks */,
				8B56143C188A303E005B1CA5 /* Resources */,
			);
			buildRules = (
			);
			dependencies = (
			);
			name = Headto;
			productName = Headto;
			productReference = 8B56143E188A303E005B1CA5 /* Headto.app */;
			productType = "com.apple.product-type.application";
		};
		8B561464188A303E005B1CA5 /* HeadtoTests */ = {
			isa = PBXNativeTarget;
			buildConfigurationList = 8B561479188A303E005B1CA5 /* Build configuration list for PBXNativeTarget "HeadtoTests" */;
			buildPhases = (
				8B561461188A303E005B1CA5 /* Sources */,
				8B561462188A303E005B1CA5 /* Frameworks */,
				8B561463188A303E005B1CA5 /* Resources */,
			);
			buildRules = (
			);
			dependencies = (
				8B56146B188A303E005B1CA5 /* PBXTargetDependency */,
			);
			name = HeadtoTests;
			productName = HeadtoTests;
			productReference = 8B561465188A303E005B1CA5 /* HeadtoTests.xctest */;
			productType = "com.apple.product-type.bundle.unit-test";
		};
/* End PBXNativeTarget section */

/* Begin PBXProject section */
		8B561436188A303E005B1CA5 /* Project object */ = {
			isa = PBXProject;
			attributes = {
				CLASSPREFIX = HT;
				LastUpgradeCheck = 0500;
				ORGANIZATIONNAME = "Param Aggarwal";
				TargetAttributes = {
					8B561464188A303E005B1CA5 = {
						TestTargetID = 8B56143D188A303E005B1CA5;
					};
				};
			};
			buildConfigurationList = 8B561439188A303E005B1CA5 /* Build configuration list for PBXProject "Headto" */;
			compatibilityVersion = "Xcode 3.2";
			developmentRegion = English;
			hasScannedForEncodings = 0;
			knownRegions = (
				en,
				Base,
			);
			mainGroup = 8B561435188A303E005B1CA5;
			productRefGroup = 8B56143F188A303E005B1CA5 /* Products */;
			projectDirPath = "";
			projectRoot = "";
			targets = (
				8B56143D188A303E005B1CA5 /* Headto */,
				8B561464188A303E005B1CA5 /* HeadtoTests */,
			);
		};
/* End PBXProject section */

/* Begin PBXResourcesBuildPhase section */
		8B56143C188A303E005B1CA5 /* Resources */ = {
			isa = PBXResourcesBuildPhase;
			buildActionMask = 2147483647;
			files = (
				8B561458188A303E005B1CA5 /* Main_iPad.storyboard in Resources */,
				8B561460188A303E005B1CA5 /* Images.xcassets in Resources */,
				8B561455188A303E005B1CA5 /* Main_iPhone.storyboard in Resources */,
				8B56144C188A303E005B1CA5 /* InfoPlist.strings in Resources */,
			);
			runOnlyForDeploymentPostprocessing = 0;
		};
		8B561463188A303E005B1CA5 /* Resources */ = {
			isa = PBXResourcesBuildPhase;
			buildActionMask = 2147483647;
			files = (
				8B561471188A303E005B1CA5 /* InfoPlist.strings in Resources */,
			);
			runOnlyForDeploymentPostprocessing = 0;
		};
/* End PBXResourcesBuildPhase section */

/* Begin PBXSourcesBuildPhase section */
		8B56143A188A303E005B1CA5 /* Sources */ = {
			isa = PBXSourcesBuildPhase;
			buildActionMask = 2147483647;
			files = (
				8B56145B188A303E005B1CA5 /* HTFirstViewController.m in Sources */,
				8B561452188A303E005B1CA5 /* HTAppDelegate.m in Sources */,
				8B56145E188A303E005B1CA5 /* HTSecondViewController.m in Sources */,
				8B56144E188A303E005B1CA5 /* main.m in Sources */,
			);
			runOnlyForDeploymentPostprocessing = 0;
		};
		8B561461188A303E005B1CA5 /* Sources */ = {
			isa = PBXSourcesBuildPhase;
			buildActionMask = 2147483647;
			files = (
				8B561473188A303E005B1CA5 /* HeadtoTests.m in Sources */,
			);
			runOnlyForDeploymentPostprocessing = 0;
		};
/* End PBXSourcesBuildPhase section */

/* Begin PBXTargetDependency section */
		8B56146B188A303E005B1CA5 /* PBXTargetDependency */ = {
			isa = PBXTargetDependency;
			target = 8B56143D188A303E005B1CA5 /* Headto */;
			targetProxy = 8B56146A188A303E005B1CA5 /* PBXContainerItemProxy */;
		};
/* End PBXTargetDependency section */

/* Begin PBXVariantGroup section */
		8B56144A188A303E005B1CA5 /* InfoPlist.strings */ = {
			isa = PBXVariantGroup;
			children = (
				8B56144B188A303E005B1CA5 /* en */,
			);
			name = InfoPlist.strings;
			sourceTree = "<group>";
		};
		8B561453188A303E005B1CA5 /* Main_iPhone.storyboard */ = {
			isa = PBXVariantGroup;
			children = (
				8B561454188A303E005B1CA5 /* Base */,
			);
			name = Main_iPhone.storyboard;
			sourceTree = "<group>";
		};
		8B561456188A303E005B1CA5 /* Main_iPad.storyboard */ = {
			isa = PBXVariantGroup;
			children = (
				8B561457188A303E005B1CA5 /* Base */,
			);
			name = Main_iPad.storyboard;
			sourceTree = "<group>";
		};
		8B56146F188A303E005B1CA5 /* InfoPlist.strings */ = {
			isa = PBXVariantGroup;
			children = (
				8B561470188A303E005B1CA5 /* en */,
			);
			name = InfoPlist.strings;
			sourceTree = "<group>";
		};
/* End PBXVariantGroup section */

/* Begin XCBuildConfiguration section */
		8B561474188A303E005B1CA5 /* Debug */ = {
			isa = XCBuildConfiguration;
			buildSettings = {
				ALWAYS_SEARCH_USER_PATHS = NO;
				ARCHS = "$(ARCHS_STANDARD_INCLUDING_64_BIT)";
				CLANG_CXX_LANGUAGE_STANDARD = "gnu++0x";
				CLANG_CXX_LIBRARY = "libc++";
				CLANG_ENABLE_MODULES = YES;
				CLANG_ENABLE_OBJC_ARC = YES;
				CLANG_WARN_BOOL_CONVERSION = YES;
				CLANG_WARN_CONSTANT_CONVERSION = YES;
				CLANG_WARN_DIRECT_OBJC_ISA_USAGE = YES_ERROR;
				CLANG_WARN_EMPTY_BODY = YES;
				CLANG_WARN_ENUM_CONVERSION = YES;
				CLANG_WARN_INT_CONVERSION = YES;
				CLANG_WARN_OBJC_ROOT_CLASS = YES_ERROR;
				CLANG_WARN__DUPLICATE_METHOD_MATCH = YES;
				"CODE_SIGN_IDENTITY[sdk=iphoneos*]" = "iPhone Developer";
				COPY_PHASE_STRIP = NO;
				GCC_C_LANGUAGE_STANDARD = gnu99;
				GCC_DYNAMIC_NO_PIC = NO;
				GCC_OPTIMIZATION_LEVEL = 0;
				GCC_PREPROCESSOR_DEFINITIONS = (
					"DEBUG=1",
					"$(inherited)",
				);
				GCC_SYMBOLS_PRIVATE_EXTERN = NO;
				GCC_WARN_64_TO_32_BIT_CONVERSION = YES;
				GCC_WARN_ABOUT_RETURN_TYPE = YES_ERROR;
				GCC_WARN_UNDECLARED_SELECTOR = YES;
				GCC_WARN_UNINITIALIZED_AUTOS = YES;
				GCC_WARN_UNUSED_FUNCTION = YES;
				GCC_WARN_UNUSED_VARIABLE = YES;
				IPHONEOS_DEPLOYMENT_TARGET = 7.0;
				ONLY_ACTIVE_ARCH = YES;
				SDKROOT = iphoneos;
				TARGETED_DEVICE_FAMILY = "1,2";
			};
			name = Debug;
		};
		8B561475188A303E005B1CA5 /* Release */ = {
			isa = XCBuildConfiguration;
			buildSettings = {
				ALWAYS_SEARCH_USER_PATHS = NO;
				ARCHS = "$(ARCHS_STANDARD_INCLUDING_64_BIT)";
				CLANG_CXX_LANGUAGE_STANDARD = "gnu++0x";
				CLANG_CXX_LIBRARY = "libc++";
				CLANG_ENABLE_MODULES = YES;
				CLANG_ENABLE_OBJC_ARC = YES;
				CLANG_WARN_BOOL_CONVERSION = YES;
				CLANG_WARN_CONSTANT_CONVERSION = YES;
				CLANG_WARN_DIRECT_OBJC_ISA_USAGE = YES_ERROR;
				CLANG_WARN_EMPTY_BODY = YES;
				CLANG_WARN_ENUM_CONVERSION = YES;
				CLANG_WARN_INT_CONVERSION = YES;
				CLANG_WARN_OBJC_ROOT_CLASS = YES_ERROR;
				CLANG_WARN__DUPLICATE_METHOD_MATCH = YES;
				"CODE_SIGN_IDENTITY[sdk=iphoneos*]" = "iPhone Developer";
				COPY_PHASE_STRIP = YES;
				ENABLE_NS_ASSERTIONS = NO;
				GCC_C_LANGUAGE_STANDARD = gnu99;
				GCC_WARN_64_TO_32_BIT_CONVERSION = YES;
				GCC_WARN_ABOUT_RETURN_TYPE = YES_ERROR;
				GCC_WARN_UNDECLARED_SELECTOR = YES;
				GCC_WARN_UNINITIALIZED_AUTOS = YES;
				GCC_WARN_UNUSED_FUNCTION = YES;
				GCC_WARN_UNUSED_VARIABLE = YES;
				IPHONEOS_DEPLOYMENT_TARGET = 7.0;
				SDKROOT = iphoneos;
				TARGETED_DEVICE_FAMILY = "1,2";
				VALIDATE_PRODUCT = YES;
			};
			name = Release;
		};
		8B561477188A303E005B1CA5 /* Debug */ = {
			isa = XCBuildConfiguration;
			buildSettings = {
				ASSETCATALOG_COMPILER_APPICON_NAME = AppIcon;
				ASSETCATALOG_COMPILER_LAUNCHIMAGE_NAME = LaunchImage;
				GCC_PRECOMPILE_PREFIX_HEADER = YES;
				GCC_PREFIX_HEADER = "Headto/Headto-Prefix.pch";
				INFOPLIST_FILE = "Headto/Headto-Info.plist";
				PRODUCT_NAME = "$(TARGET_NAME)";
				PROVISIONING_PROFILE = "7647784B-D603-45DC-BE1F-B8653BF70043";
				WRAPPER_EXTENSION = app;
			};
			name = Debug;
		};
		8B561478188A303E005B1CA5 /* Release */ = {
			isa = XCBuildConfiguration;
			buildSettings = {
				ASSETCATALOG_COMPILER_APPICON_NAME = AppIcon;
				ASSETCATALOG_COMPILER_LAUNCHIMAGE_NAME = LaunchImage;
				GCC_PRECOMPILE_PREFIX_HEADER = YES;
				GCC_PREFIX_HEADER = "Headto/Headto-Prefix.pch";
				INFOPLIST_FILE = "Headto/Headto-Info.plist";
				PRODUCT_NAME = "$(TARGET_NAME)";
				PROVISIONING_PROFILE = "8FBD406F-3DA9-41D6-AB70-84B59DF75382";
				WRAPPER_EXTENSION = app;
			};
			name = Release;
		};
		8B56147A188A303E005B1CA5 /* Debug */ = {
			isa = XCBuildConfiguration;
			buildSettings = {
				ARCHS = "$(ARCHS_STANDARD_INCLUDING_64_BIT)";
				BUNDLE_LOADER = "$(BUILT_PRODUCTS_DIR)/Headto.app/Headto";
				FRAMEWORK_SEARCH_PATHS = (
					"$(SDKROOT)/Developer/Library/Frameworks",
					"$(inherited)",
					"$(DEVELOPER_FRAMEWORKS_DIR)",
				);
				GCC_PRECOMPILE_PREFIX_HEADER = YES;
				GCC_PREFIX_HEADER = "Headto/Headto-Prefix.pch";
				GCC_PREPROCESSOR_DEFINITIONS = (
					"DEBUG=1",
					"$(inherited)",
				);
				INFOPLIST_FILE = "HeadtoTests/HeadtoTests-Info.plist";
				PRODUCT_NAME = "$(TARGET_NAME)";
				TEST_HOST = "$(BUNDLE_LOADER)";
				WRAPPER_EXTENSION = xctest;
			};
			name = Debug;
		};
		8B56147B188A303E005B1CA5 /* Release */ = {
			isa = XCBuildConfiguration;
			buildSettings = {
				ARCHS = "$(ARCHS_STANDARD_INCLUDING_64_BIT)";
				BUNDLE_LOADER = "$(BUILT_PRODUCTS_DIR)/Headto.app/Headto";
				FRAMEWORK_SEARCH_PATHS = (
					"$(SDKROOT)/Developer/Library/Frameworks",
					"$(inherited)",
					"$(DEVELOPER_FRAMEWORKS_DIR)",
				);
				GCC_PRECOMPILE_PREFIX_HEADER = YES;
				GCC_PREFIX_HEADER = "Headto/Headto-Prefix.pch";
				INFOPLIST_FILE = "HeadtoTests/HeadtoTests-Info.plist";
				PRODUCT_NAME = "$(TARGET_NAME)";
				TEST_HOST = "$(BUNDLE_LOADER)";
				WRAPPER_EXTENSION = xctest;
			};
			name = Release;
		};
/* End XCBuildConfiguration section */

/* Begin XCConfigurationList section */
		8B561439188A303E005B1CA5 /* Build configuration list for PBXProject "Headto" */ = {
			isa = XCConfigurationList;
			buildConfigurations = (
				8B561474188A303E005B1CA5 /* Debug */,
				8B561475188A303E005B1CA5 /* Release */,
			);
			defaultConfigurationIsVisible = 0;
			defaultConfigurationName = Release;
		};
		8B561476188A303E005B1CA5 /* Build configuration list for PBXNativeTarget "Headto" */ = {
			isa = XCConfigurationList;
			buildConfigurations = (
				8B561477188A303E005B1CA5 /* Debug */,
				8B561478188A303E005B1CA5 /* Release */,
			);
			defaultConfigurationIsVisible = 0;
			defaultConfigurationName = Release;
		};
		8B561479188A303E005B1CA5 /* Build configuration list for PBXNativeTarget "HeadtoTests" */ = {
			isa = XCConfigurationList;
			buildConfigurations = (
				8B56147A188A303E005B1CA5 /* Debug */,
				8B56147B188A303E005B1CA5 /* Release */,
			);
			defaultConfigurationIsVisible = 0;
			defaultConfigurationName = Release;
		};
/* End XCConfigurationList section */
	};
	rootObject = 8B561436188A303E005B1CA5 /* Project object */;
}
